
Microsoft Visual Studio Solution File, Format Version 12.00
# Visual Studio Version 16
VisualStudioVersion = 16.0.31112.23
MinimumVisualStudioVersion = 10.0.40219.1
Project("{2150E333-8FDC-42A3-9474-1A3956D46DE8}") = "Services", "Services", "{AAA3DAC7-8ECF-4E76-B438-233766D54384}"
EndProject
Project("{2150E333-8FDC-42A3-9474-1A3956D46DE8}") = "Catalog", "Catalog", "{7F0D5655-71B1-48F2-8BC4-91FDEC9F14E8}"
EndProject
Project("{9A19103F-16F7-4668-BE54-9A1E7A4F7556}") = "Catalog.API", "Services\Catalog\Catalog.API\Catalog.API.csproj", "{BE0F04A8-3846-41C1-8CD1-3365F5F79F5E}"
EndProject
Project("{E53339B2-1760-4266-BCC7-CA923CBCF16C}") = "docker-compose", "docker-compose.dcproj", "{A4ADE820-372C-4B82-826F-340E8565326B}"
EndProject
Project("{2150E333-8FDC-42A3-9474-1A3956D46DE8}") = "Basket", "Basket", "{D3DB4B58-0284-40AA-A66E-67ECDF2BBD39}"
EndProject
Project("{9A19103F-16F7-4668-BE54-9A1E7A4F7556}") = "Basket.API", "Services\Basket\Basket.API\Basket.API.csproj", "{D5F90276-1C27-42C5-B625-0C7BB1C53073}"
EndProject
Project("{2150E333-8FDC-42A3-9474-1A3956D46DE8}") = "Discount", "Discount", "{72208009-9B23-4E1F-92D6-178B7B7AD153}"
EndProject
Project("{9A19103F-16F7-4668-BE54-9A1E7A4F7556}") = "Discount.API", "Services\Discount\Discount.API\Discount.API.csproj", "{CD0269D4-0D75-4D4A-BF9D-CD4EB6E18A46}"
EndProject
Project("{FAE04EC0-301F-11D3-BF4B-00C04F79EFBC}") = "Discount.Grpc", "Services\Discount\Discount.Grpc\Discount.Grpc.csproj", "{D81E40A6-3785-4424-A49D-6E1C27BCBC05}"
EndProject
Global
	GlobalSection(SolutionConfigurationPlatforms) = preSolution
		Debug|Any CPU = Debug|Any CPU
		Release|Any CPU = Release|Any CPU
	EndGlobalSection
	GlobalSection(ProjectConfigurationPlatforms) = postSolution
		{BE0F04A8-3846-41C1-8CD1-3365F5F79F5E}.Debug|Any CPU.ActiveCfg = Debug|Any CPU
		{BE0F04A8-3846-41C1-8CD1-3365F5F79F5E}.Debug|Any CPU.Build.0 = Debug|Any CPU
		{BE0F04A8-3846-41C1-8CD1-3365F5F79F5E}.Release|Any CPU.ActiveCfg = Release|Any CPU
		{BE0F04A8-3846-41C1-8CD1-3365F5F79F5E}.Release|Any CPU.Build.0 = Release|Any CPU
		{A4ADE820-372C-4B82-826F-340E8565326B}.Debug|Any CPU.ActiveCfg = Debug|Any CPU
		{A4ADE820-372C-4B82-826F-340E8565326B}.Debug|Any CPU.Build.0 = Debug|Any CPU
		{A4ADE820-372C-4B82-826F-340E8565326B}.Release|Any CPU.ActiveCfg = Release|Any CPU
		{A4ADE820-372C-4B82-826F-340E8565326B}.Release|Any CPU.Build.0 = Release|Any CPU
		{D5F90276-1C27-42C5-B625-0C7BB1C53073}.Debug|Any CPU.ActiveCfg = Debug|Any CPU
		{D5F90276-1C27-42C5-B625-0C7BB1C53073}.Debug|Any CPU.Build.0 = Debug|Any CPU
		{D5F90276-1C27-42C5-B625-0C7BB1C53073}.Release|Any CPU.ActiveCfg = Release|Any CPU
		{D5F90276-1C27-42C5-B625-0C7BB1C53073}.Release|Any CPU.Build.0 = Release|Any CPU
		{CD0269D4-0D75-4D4A-BF9D-CD4EB6E18A46}.Debug|Any CPU.ActiveCfg = Debug|Any CPU
		{CD0269D4-0D75-4D4A-BF9D-CD4EB6E18A46}.Debug|Any CPU.Build.0 = Debug|Any CPU
		{CD0269D4-0D75-4D4A-BF9D-CD4EB6E18A46}.Release|Any CPU.ActiveCfg = Release|Any CPU
		{CD0269D4-0D75-4D4A-BF9D-CD4EB6E18A46}.Release|Any CPU.Build.0 = Release|Any CPU
		{D81E40A6-3785-4424-A49D-6E1C27BCBC05}.Debug|Any CPU.ActiveCfg = Debug|Any CPU
		{D81E40A6-3785-4424-A49D-6E1C27BCBC05}.Debug|Any CPU.Build.0 = Debug|Any CPU
		{D81E40A6-3785-4424-A49D-6E1C27BCBC05}.Release|Any CPU.ActiveCfg = Release|Any CPU
		{D81E40A6-3785-4424-A49D-6E1C27BCBC05}.Release|Any CPU.Build.0 = Release|Any CPU
	EndGlobalSection
	GlobalSection(SolutionProperties) = preSolution
		HideSolutionNode = FALSE
	EndGlobalSection
	GlobalSection(NestedProjects) = preSolution
		{7F0D5655-71B1-48F2-8BC4-91FDEC9F14E8} = {AAA3DAC7-8ECF-4E76-B438-233766D54384}
		{BE0F04A8-3846-41C1-8CD1-3365F5F79F5E} = {7F0D5655-71B1-48F2-8BC4-91FDEC9F14E8}
		{D3DB4B58-0284-40AA-A66E-67ECDF2BBD39} = {AAA3DAC7-8ECF-4E76-B438-233766D54384}
		{D5F90276-1C27-42C5-B625-0C7BB1C53073} = {D3DB4B58-0284-40AA-A66E-67ECDF2BBD39}
		{72208009-9B23-4E1F-92D6-178B7B7AD153} = {AAA3DAC7-8ECF-4E76-B438-233766D54384}
		{CD0269D4-0D75-4D4A-BF9D-CD4EB6E18A46} = {72208009-9B23-4E1F-92D6-178B7B7AD153}
		{D81E40A6-3785-4424-A49D-6E1C27BCBC05} = {72208009-9B23-4E1F-92D6-178B7B7AD153}
	EndGlobalSection
	GlobalSection(ExtensibilityGlobals) = postSolution
		SolutionGuid = {1DB25ED3-D3EB-4357-9393-FDCCF5292629}
	EndGlobalSection
EndGlobal
